
Microsoft Visual Studio Solution File, Format Version 12.00
# Visual Studio Version 17
VisualStudioVersion = 17.4.33122.133
MinimumVisualStudioVersion = 10.0.40219.1
Project("{9A19103F-16F7-4668-BE54-9A1E7A4F7556}") = "FilmEditor", "FilmEditor.csproj", "{2939026E-E5DD-4DAD-BE85-518FF92CB110}"
EndProject
Global
	GlobalSection(SolutionConfigurationPlatforms) = preSolution
		Debug|Any CPU = Debug|Any CPU
		Release|Any CPU = Release|Any CPU
	EndGlobalSection
	GlobalSection(ProjectConfigurationPlatforms) = postSolution
		{2939026E-E5DD-4DAD-BE85-518FF92CB110}.Debug|Any CPU.ActiveCfg = Debug|Any CPU
		{2939026E-E5DD-4DAD-BE85-518FF92CB110}.Debug|Any CPU.Build.0 = Debug|Any CPU
		{2939026E-E5DD-4DAD-BE85-518FF92CB110}.Release|Any CPU.ActiveCfg = Release|Any CPU
		{2939026E-E5DD-4DAD-BE85-518FF92CB110}.Release|Any CPU.Build.0 = Release|Any CPU
	EndGlobalSection
	GlobalSection(SolutionProperties) = preSolution
		HideSolutionNode = FALSE
	EndGlobalSection
	GlobalSection(ExtensibilityGlobals) = postSolution
		SolutionGuid = {2BFA9791-3455-4F3F-97D9-4015A9C23464}
	EndGlobalSection
EndGlobal
